{
    "name": "libsql-example",
    "version": "1.0.0",
    "lockfileVersion": 3,
    "requires": true,
    "packages": {
        "": {
            "name": "libsql-example",
            "version": "1.0.0",
            "license": "ISC",
            "dependencies": {
                "libsql": "^0.1.28",
                "readline-sync": "^1.4.10"
            }
        },
        "node_modules/@libsql/darwin-arm64": {
            "version": "0.1.28",
            "resolved": "https://registry.npmjs.org/@libsql/darwin-arm64/-/darwin-arm64-0.1.28.tgz",
            "integrity": "sha512-p4nldHUOhcl9ibnH1F6oiXV5Dl3PAcPB9VIjdjVvO3/URo5J7mhqRMuwJMKO5DZJJGtkKJ5IO0gu0hc90rnKIg==",
            "cpu": [
                "arm64"
            ],
            "optional": true,
            "os": [
                "darwin"
            ]
        },
        "node_modules/@libsql/darwin-x64": {
            "version": "0.1.28",
            "resolved": "https://registry.npmjs.org/@libsql/darwin-x64/-/darwin-x64-0.1.28.tgz",
            "integrity": "sha512-WaEK+Z+wP5sr0h8EcusSGHv4Mqc3smYICeG4P/wsbRDKQ2WUMWqZrpgqaBsm+WPbXogU2vpf+qGc8BnpFZ0ggw==",
            "cpu": [
                "x64"
            ],
            "optional": true,
            "os": [
                "darwin"
            ]
        },
        "node_modules/@libsql/linux-arm64-gnu": {
            "version": "0.1.28",
            "resolved": "https://registry.npmjs.org/@libsql/linux-arm64-gnu/-/linux-arm64-gnu-0.1.28.tgz",
            "integrity": "sha512-a17ANBuOqH2L8gdyET4Kg3XggQvxWnoA+7x7sDEX5NyWNyvr7P04WzNPAT0xAOWLclC1fDD6jM5sh/fbJk/7NA==",
            "cpu": [
                "arm64"
            ],
            "optional": true,
            "os": [
                "linux"
            ]
        },
        "node_modules/@libsql/linux-x64-gnu": {
            "version": "0.1.28",
            "resolved": "https://registry.npmjs.org/@libsql/linux-x64-gnu/-/linux-x64-gnu-0.1.28.tgz",
            "integrity": "sha512-dkg+Ou7ApV0PHpZWd9c6NrYyc/WSNn5h/ScKotaMTLWlLL96XAMNwrYLpZpUj61I2y7QzU98XtMfiSD1Ux+VaA==",
            "cpu": [
                "x64"
            ],
            "optional": true,
            "os": [
                "linux"
            ]
        },
        "node_modules/@libsql/linux-x64-musl": {
            "version": "0.1.28",
            "resolved": "https://registry.npmjs.org/@libsql/linux-x64-musl/-/linux-x64-musl-0.1.28.tgz",
            "integrity": "sha512-ZuOxCDYlG+f1IDsxstmaxLtgG9HvlLuUKs0X3um4f5F5V+P+PF8qr08gSdD1IP2pj+JBOiwhQffaEpR1wupxhQ==",
            "cpu": [
                "x64"
            ],
            "optional": true,
            "os": [
                "linux"
            ]
        },
        "node_modules/@libsql/win32-x64-msvc": {
            "version": "0.1.28",
            "resolved": "https://registry.npmjs.org/@libsql/win32-x64-msvc/-/win32-x64-msvc-0.1.28.tgz",
            "integrity": "sha512-2cmUiMIsJLHpetebGeeYqUYaCPWEnwMjqxwu1ZEEbA5x8r+DNmIhLrc0QSQ29p7a5u14vbZnShNOtT/XG7vKew==",
            "cpu": [
                "x64"
            ],
            "optional": true,
            "os": [
                "win32"
            ]
        },
        "node_modules/@neon-rs/load": {
            "version": "0.0.4",
            "resolved": "https://registry.npmjs.org/@neon-rs/load/-/load-0.0.4.tgz",
            "integrity": "sha512-kTPhdZyTQxB+2wpiRcFWrDcejc4JI6tkPuS7UZCG4l6Zvc5kU/gGQ/ozvHTh1XR5tS+UlfAfGuPajjzQjCiHCw=="
        },
        "node_modules/detect-libc": {
            "version": "2.0.2",
            "resolved": "https://registry.npmjs.org/detect-libc/-/detect-libc-2.0.2.tgz",
            "integrity": "sha512-UX6sGumvvqSaXgdKGUsgZWqcUyIXZ/vZTrlRT/iobiKhGL0zL4d3osHj3uqllWJK+i+sixDS/3COVEOFbupFyw==",
            "engines": {
                "node": ">=8"
            }
        },
        "node_modules/libsql": {
            "version": "0.1.28",
            "resolved": "https://registry.npmjs.org/libsql/-/libsql-0.1.28.tgz",
            "integrity": "sha512-yCKlT0ntV8ZIWTPGNClhQQeH/LNAzLjbbEgBvgLb+jfQwAuTbyvPpVVLwkZzesqja1nbkWApztW0pX81Jp0pkw==",
            "cpu": [
                "x64",
                "arm64"
            ],
            "os": [
                "darwin",
                "linux",
                "win32"
            ],
            "dependencies": {
                "@neon-rs/load": "^0.0.4",
                "detect-libc": "2.0.2"
            },
            "optionalDependencies": {
                "@libsql/darwin-arm64": "0.1.28",
                "@libsql/darwin-x64": "0.1.28",
                "@libsql/linux-arm64-gnu": "0.1.28",
                "@libsql/linux-x64-gnu": "0.1.28",
                "@libsql/linux-x64-musl": "0.1.28",
                "@libsql/win32-x64-msvc": "0.1.28"
            }
        },
        "node_modules/readline-sync": {
            "version": "1.4.10",
            "resolved": "https://registry.npmjs.org/readline-sync/-/readline-sync-1.4.10.tgz",
            "integrity": "sha512-gNva8/6UAe8QYepIQH/jQ2qn91Qj0B9sYjMBBs3QOB8F2CXcKgLxQaJRP76sWVRQt+QU+8fAkCbCvjjMFu7Ycw==",
            "engines": {
                "node": ">= 0.8.0"
            }
        }
    }
}
